<?xml version="1.0" encoding="UTF-8" standalone="yes" ?>
<CodeBlocks_project_file>
	<FileVersion major="1" minor="6" />
	<Project>
		<Option title="tempo" />
		<Option pch_mode="2" />
		<Option compiler="gcc" />
		<Build>
			<Target title="Debug">
				<Option output="bin/Debug/tempo" prefix_auto="1" extension_auto="1" />
				<Option object_output="obj/Debug/" />
				<Option type="1" />
				<Option compiler="gcc" />
				<Compiler>
					<Add option="-g" />
				</Compiler>
				<Linker>
					<Add library="allegro/lib/liballegro_monolith-debug.dll.a" />
				</Linker>
			</Target>
			<Target title="Release">
				<Option output="bin/Release/tempo" prefix_auto="1" extension_auto="1" />
				<Option object_output="obj/Release/" />
				<Option type="1" />
				<Option compiler="gcc" />
				<Compiler>
					<Add option="-O2" />
				</Compiler>
				<Linker>
					<Add option="-s" />
					<Add library="allegro/lib/liballegro_monolith.dll.a" />
				</Linker>
			</Target>
		</Build>
		<Compiler>
			<Add option="-Wall" />
			<Add directory="allegro/include" />
		</Compiler>
		<Unit filename="Block.cpp" />
		<Unit filename="Block.h" />
		<Unit filename="GameWindow.cpp" />
		<Unit filename="GameWindow.h" />
		<Unit filename="Main.cpp" />
		<Unit filename="MainCharacter.cpp" />
		<Unit filename="MainCharacter.h" />
		<Unit filename="Map.cpp" />
		<Unit filename="Map.h" />
		<Unit filename="Monster.cpp" />
		<Unit filename="Monster.h" />
		<Unit filename="Object.h" />
		<Unit filename="Reward.cpp" />
		<Unit filename="Reward.h" />
		<Unit filename="TempoHeart.cpp" />
		<Unit filename="TempoHeart.h" />
		<Unit filename="global.h" />
		<Unit filename="monsters/BlueSlime.cpp" />
		<Unit filename="monsters/BlueSlime.h" />
		<Unit filename="monsters/GreenSlime.cpp" />
		<Unit filename="monsters/GreenSlime.h" />
		<Unit filename="monsters/RedBat.cpp" />
		<Unit filename="monsters/RedBat.h" />
		<Unit filename="monsters/Zombie.cpp" />
		<Unit filename="monsters/Zombie.h" />
		<Unit filename="rewards/Coin.cpp" />
		<Unit filename="rewards/Coin.h" />
		<Extensions>
			<code_completion />
			<envvars />
			<debugger />
		</Extensions>
	</Project>
</CodeBlocks_project_file>
